
Microsoft Visual Studio Solution File, Format Version 12.00
# Visual Studio 14
VisualStudioVersion = 14.0.24720.0
MinimumVisualStudioVersion = 10.0.40219.1
Project("{FAE04EC0-301F-11D3-BF4B-00C04F79EFBC}") = "Kotitehtävä 6.3", "Kotitehtävät\Kotitehtävä 6.3.csproj", "{9618EF96-050C-43E4-A659-3F3BB00005F2}"
EndProject
Project("{FAE04EC0-301F-11D3-BF4B-00C04F79EFBC}") = "Kotitehtävä_7.3", "Kotitehtävä_7.2\Kotitehtävä_7.3.csproj", "{F3A3B86D-5AFC-4CD4-91BD-D5B0831000AA}"
EndProject
Project("{FAE04EC0-301F-11D3-BF4B-00C04F79EFBC}") = "Kotitehtävä_8.2", "Kotitehtävä_8.2\Kotitehtävä_8.2.csproj", "{A2D34260-A4D4-4F5B-8A81-714F54203980}"
EndProject
Global
	GlobalSection(SolutionConfigurationPlatforms) = preSolution
		Debug|Any CPU = Debug|Any CPU
		Release|Any CPU = Release|Any CPU
	EndGlobalSection
	GlobalSection(ProjectConfigurationPlatforms) = postSolution
		{9618EF96-050C-43E4-A659-3F3BB00005F2}.Debug|Any CPU.ActiveCfg = Debug|Any CPU
		{9618EF96-050C-43E4-A659-3F3BB00005F2}.Debug|Any CPU.Build.0 = Debug|Any CPU
		{9618EF96-050C-43E4-A659-3F3BB00005F2}.Release|Any CPU.ActiveCfg = Release|Any CPU
		{9618EF96-050C-43E4-A659-3F3BB00005F2}.Release|Any CPU.Build.0 = Release|Any CPU
		{F3A3B86D-5AFC-4CD4-91BD-D5B0831000AA}.Debug|Any CPU.ActiveCfg = Debug|Any CPU
		{F3A3B86D-5AFC-4CD4-91BD-D5B0831000AA}.Debug|Any CPU.Build.0 = Debug|Any CPU
		{F3A3B86D-5AFC-4CD4-91BD-D5B0831000AA}.Release|Any CPU.ActiveCfg = Release|Any CPU
		{F3A3B86D-5AFC-4CD4-91BD-D5B0831000AA}.Release|Any CPU.Build.0 = Release|Any CPU
		{A2D34260-A4D4-4F5B-8A81-714F54203980}.Debug|Any CPU.ActiveCfg = Debug|Any CPU
		{A2D34260-A4D4-4F5B-8A81-714F54203980}.Debug|Any CPU.Build.0 = Debug|Any CPU
		{A2D34260-A4D4-4F5B-8A81-714F54203980}.Release|Any CPU.ActiveCfg = Release|Any CPU
		{A2D34260-A4D4-4F5B-8A81-714F54203980}.Release|Any CPU.Build.0 = Release|Any CPU
	EndGlobalSection
	GlobalSection(SolutionProperties) = preSolution
		HideSolutionNode = FALSE
	EndGlobalSection
EndGlobal
